
Microsoft Visual Studio Solution File, Format Version 12.00
# Visual Studio Version 17
VisualStudioVersion = 17.10.34928.147
MinimumVisualStudioVersion = 10.0.40219.1
Project("{FAE04EC0-301F-11D3-BF4B-00C04F79EFBC}") = "AlumnosSystem", "AlumnosSystem\AlumnosSystem.csproj", "{409D4A92-32A7-49A7-8A5C-67605F6A103E}"
EndProject
Global
	GlobalSection(SolutionConfigurationPlatforms) = preSolution
		Debug|Any CPU = Debug|Any CPU
		Release|Any CPU = Release|Any CPU
	EndGlobalSection
	GlobalSection(ProjectConfigurationPlatforms) = postSolution
		{409D4A92-32A7-49A7-8A5C-67605F6A103E}.Debug|Any CPU.ActiveCfg = Debug|Any CPU
		{409D4A92-32A7-49A7-8A5C-67605F6A103E}.Debug|Any CPU.Build.0 = Debug|Any CPU
		{409D4A92-32A7-49A7-8A5C-67605F6A103E}.Release|Any CPU.ActiveCfg = Release|Any CPU
		{409D4A92-32A7-49A7-8A5C-67605F6A103E}.Release|Any CPU.Build.0 = Release|Any CPU
	EndGlobalSection
	GlobalSection(SolutionProperties) = preSolution
		HideSolutionNode = FALSE
	EndGlobalSection
	GlobalSection(ExtensibilityGlobals) = postSolution
		SolutionGuid = {4684820E-0D68-43D9-A40E-C0F07DA4F250}
	EndGlobalSection
EndGlobal
